
Microsoft Visual Studio Solution File, Format Version 12.00
# Visual Studio Version 17
VisualStudioVersion = 17.13.35931.197 d17.13
MinimumVisualStudioVersion = 10.0.40219.1
Project("{FAE04EC0-301F-11D3-BF4B-00C04F79EFBC}") = "ChipsAggregator.Service", "ChipsAggregator.Service.csproj", "{B1EDD32F-9147-4531-BD09-B726F2E7A964}"
EndProject
Project("{FAE04EC0-301F-11D3-BF4B-00C04F79EFBC}") = "ChipsAggregator.Worker", "..\ChipsAggregator.Workers\ChipsAggregator.Worker.csproj", "{5241CE24-735B-4282-B6FF-ED821FCC4CC9}"
EndProject
Project("{FAE04EC0-301F-11D3-BF4B-00C04F79EFBC}") = "ChipsAggregator.Message.Infrastructure", "..\ChipsAggregator.Message.Infrastructure\ChipsAggregator.Message.Infrastructure.csproj", "{6EF42412-7593-556D-5642-7D5038541116}"
EndProject
Global
	GlobalSection(SolutionConfigurationPlatforms) = preSolution
		Debug|Any CPU = Debug|Any CPU
		Release|Any CPU = Release|Any CPU
	EndGlobalSection
	GlobalSection(ProjectConfigurationPlatforms) = postSolution
		{B1EDD32F-9147-4531-BD09-B726F2E7A964}.Debug|Any CPU.ActiveCfg = Debug|Any CPU
		{B1EDD32F-9147-4531-BD09-B726F2E7A964}.Debug|Any CPU.Build.0 = Debug|Any CPU
		{B1EDD32F-9147-4531-BD09-B726F2E7A964}.Release|Any CPU.ActiveCfg = Release|Any CPU
		{B1EDD32F-9147-4531-BD09-B726F2E7A964}.Release|Any CPU.Build.0 = Release|Any CPU
		{5241CE24-735B-4282-B6FF-ED821FCC4CC9}.Debug|Any CPU.ActiveCfg = Debug|Any CPU
		{5241CE24-735B-4282-B6FF-ED821FCC4CC9}.Debug|Any CPU.Build.0 = Debug|Any CPU
		{5241CE24-735B-4282-B6FF-ED821FCC4CC9}.Release|Any CPU.ActiveCfg = Release|Any CPU
		{5241CE24-735B-4282-B6FF-ED821FCC4CC9}.Release|Any CPU.Build.0 = Release|Any CPU
		{6EF42412-7593-556D-5642-7D5038541116}.Debug|Any CPU.ActiveCfg = Debug|Any CPU
		{6EF42412-7593-556D-5642-7D5038541116}.Debug|Any CPU.Build.0 = Debug|Any CPU
		{6EF42412-7593-556D-5642-7D5038541116}.Release|Any CPU.ActiveCfg = Release|Any CPU
		{6EF42412-7593-556D-5642-7D5038541116}.Release|Any CPU.Build.0 = Release|Any CPU
	EndGlobalSection
	GlobalSection(SolutionProperties) = preSolution
		HideSolutionNode = FALSE
	EndGlobalSection
	GlobalSection(ExtensibilityGlobals) = postSolution
		SolutionGuid = {E1F4DA41-5292-40C0-8AD6-352A34378C29}
	EndGlobalSection
EndGlobal
